// !$*UTF8*$!
{
	archiveVersion = 1;
	classes = {
	};
	objectVersion = 46;
	objects = {

/* Begin PBXBuildFile section */
		6D50929B1D9D0A9900DF040D /* main.m in Sources */ = {isa = PBXBuildFile; fileRef = 6D50929A1D9D0A9900DF040D /* main.m */; };
		6D50929E1D9D0A9900DF040D /* AppDelegate.m in Sources */ = {isa = PBXBuildFile; fileRef = 6D50929D1D9D0A9900DF040D /* AppDelegate.m */; };
		6D5092A11D9D0A9900DF040D /* ViewController.m in Sources */ = {isa = PBXBuildFile; fileRef = 6D5092A01D9D0A9900DF040D /* ViewController.m */; };
		6D5092A41D9D0A9900DF040D /* Main.storyboard in Resources */ = {isa = PBXBuildFile; fileRef = 6D5092A21D9D0A9900DF040D /* Main.storyboard */; };
		6D5092A71D9D0A9900DF040D /* FullText.xcdatamodeld in Sources */ = {isa = PBXBuildFile; fileRef = 6D5092A51D9D0A9900DF040D /* FullText.xcdatamodeld */; };
		6D5092A91D9D0A9900DF040D /* Assets.xcassets in Resources */ = {isa = PBXBuildFile; fileRef = 6D5092A81D9D0A9900DF040D /* Assets.xcassets */; };
		6D5092AC1D9D0A9900DF040D /* LaunchScreen.storyboard in Resources */ = {isa = PBXBuildFile; fileRef = 6D5092AA1D9D0A9900DF040D /* LaunchScreen.storyboard */; };
		6D5092B71D9D0A9900DF040D /* FullTextTests.m in Sources */ = {isa = PBXBuildFile; fileRef = 6D5092B61D9D0A9900DF040D /* FullTextTests.m */; };
		6D5092C21D9D0A9900DF040D /* FullTextUITests.m in Sources */ = {isa = PBXBuildFile; fileRef = 6D5092C11D9D0A9900DF040D /* FullTextUITests.m */; };
		6D5092D51D9D0BAE00DF040D /* ListViewController.m in Sources */ = {isa = PBXBuildFile; fileRef = 6D5092D41D9D0BAE00DF040D /* ListViewController.m */; };
		6D5092D81D9D0C6300DF040D /* ListModel.m in Sources */ = {isa = PBXBuildFile; fileRef = 6D5092D71D9D0C6300DF040D /* ListModel.m */; };
		6D5092DE1D9D0C8500DF040D /* ListCell.m in Sources */ = {isa = PBXBuildFile; fileRef = 6D5092DD1D9D0C8500DF040D /* ListCell.m */; };
		6D5092FA1D9D0F5700DF040D /* Info.plist in Resources */ = {isa = PBXBuildFile; fileRef = 6D5092E01D9D0F5700DF040D /* Info.plist */; };
		6D5092FB1D9D0F5700DF040D /* MASCompositeConstraint.m in Sources */ = {isa = PBXBuildFile; fileRef = 6D5092E21D9D0F5700DF040D /* MASCompositeConstraint.m */; };
		6D5092FC1D9D0F5700DF040D /* MASConstraint.m in Sources */ = {isa = PBXBuildFile; fileRef = 6D5092E51D9D0F5700DF040D /* MASConstraint.m */; };
		6D5092FD1D9D0F5700DF040D /* MASConstraintMaker.m in Sources */ = {isa = PBXBuildFile; fileRef = 6D5092E71D9D0F5700DF040D /* MASConstraintMaker.m */; };
		6D5092FE1D9D0F5700DF040D /* MASLayoutConstraint.m in Sources */ = {isa = PBXBuildFile; fileRef = 6D5092E91D9D0F5700DF040D /* MASLayoutConstraint.m */; };
		6D5092FF1D9D0F5700DF040D /* MASViewAttribute.m in Sources */ = {isa = PBXBuildFile; fileRef = 6D5092ED1D9D0F5700DF040D /* MASViewAttribute.m */; };
		6D5093001D9D0F5700DF040D /* MASViewConstraint.m in Sources */ = {isa = PBXBuildFile; fileRef = 6D5092EF1D9D0F5700DF040D /* MASViewConstraint.m */; };
		6D5093011D9D0F5700DF040D /* NSArray+MASAdditions.m in Sources */ = {isa = PBXBuildFile; fileRef = 6D5092F11D9D0F5700DF040D /* NSArray+MASAdditions.m */; };
		6D5093021D9D0F5700DF040D /* NSLayoutConstraint+MASDebugAdditions.m in Sources */ = {isa = PBXBuildFile; fileRef = 6D5092F41D9D0F5700DF040D /* NSLayoutConstraint+MASDebugAdditions.m */; };
		6D5093031D9D0F5700DF040D /* View+MASAdditions.m in Sources */ = {isa = PBXBuildFile; fileRef = 6D5092F61D9D0F5700DF040D /* View+MASAdditions.m */; };
		6D5093041D9D0F5700DF040D /* ViewController+MASAdditions.m in Sources */ = {isa = PBXBuildFile; fileRef = 6D5092F91D9D0F5700DF040D /* ViewController+MASAdditions.m */; };
/* End PBXBuildFile section */

/* Begin PBXContainerItemProxy section */
		6D5092B31D9D0A9900DF040D /* PBXContainerItemProxy */ = {
			isa = PBXContainerItemProxy;
			containerPortal = 6D50928E1D9D0A9900DF040D /* Project object */;
			proxyType = 1;
			remoteGlobalIDString = 6D5092951D9D0A9900DF040D;
			remoteInfo = FullText;
		};
		6D5092BE1D9D0A9900DF040D /* PBXContainerItemProxy */ = {
			isa = PBXContainerItemProxy;
			containerPortal = 6D50928E1D9D0A9900DF040D /* Project object */;
			proxyType = 1;
			remoteGlobalIDString = 6D5092951D9D0A9900DF040D;
			remoteInfo = FullText;
		};
/* End PBXContainerItemProxy section */

/* Begin PBXFileReference section */
		6D5092961D9D0A9900DF040D /* FullText.app */ = {isa = PBXFileReference; explicitFileType = wrapper.application; includeInIndex = 0; path = FullText.app; sourceTree = BUILT_PRODUCTS_DIR; };
		6D50929A1D9D0A9900DF040D /* main.m */ = {isa = PBXFileReference; lastKnownFileType = sourcecode.c.objc; path = main.m; sourceTree = "<group>"; };
		6D50929C1D9D0A9900DF040D /* AppDelegate.h */ = {isa = PBXFileReference; lastKnownFileType = sourcecode.c.h; path = AppDelegate.h; sourceTree = "<group>"; };
		6D50929D1D9D0A9900DF040D /* AppDelegate.m */ = {isa = PBXFileReference; lastKnownFileType = sourcecode.c.objc; path = AppDelegate.m; sourceTree = "<group>"; };
		6D50929F1D9D0A9900DF040D /* ViewController.h */ = {isa = PBXFileReference; lastKnownFileType = sourcecode.c.h; path = ViewController.h; sourceTree = "<group>"; };
		6D5092A01D9D0A9900DF040D /* ViewController.m */ = {isa = PBXFileReference; lastKnownFileType = sourcecode.c.objc; path = ViewController.m; sourceTree = "<group>"; };
		6D5092A31D9D0A9900DF040D /* Base */ = {isa = PBXFileReference; lastKnownFileType = file.storyboard; name = Base; path = Base.lproj/Main.storyboard; sourceTree = "<group>"; };
		6D5092A61D9D0A9900DF040D /* FullText.xcdatamodel */ = {isa = PBXFileReference; lastKnownFileType = wrapper.xcdatamodel; path = FullText.xcdatamodel; sourceTree = "<group>"; };
		6D5092A81D9D0A9900DF040D /* Assets.xcassets */ = {isa = PBXFileReference; lastKnownFileType = folder.assetcatalog; path = Assets.xcassets; sourceTree = "<group>"; };
		6D5092AB1D9D0A9900DF040D /* Base */ = {isa = PBXFileReference; lastKnownFileType = file.storyboard; name = Base; path = Base.lproj/LaunchScreen.storyboard; sourceTree = "<group>"; };
		6D5092AD1D9D0A9900DF040D /* Info.plist */ = {isa = PBXFileReference; lastKnownFileType = text.plist.xml; path = Info.plist; sourceTree = "<group>"; };
		6D5092B21D9D0A9900DF040D /* FullTextTests.xctest */ = {isa = PBXFileReference; explicitFileType = wrapper.cfbundle; includeInIndex = 0; path = FullTextTests.xctest; sourceTree = BUILT_PRODUCTS_DIR; };
		6D5092B61D9D0A9900DF040D /* FullTextTests.m */ = {isa = PBXFileReference; lastKnownFileType = sourcecode.c.objc; path = FullTextTests.m; sourceTree = "<group>"; };
		6D5092B81D9D0A9900DF040D /* Info.plist */ = {isa = PBXFileReference; lastKnownFileType = text.plist.xml; path = Info.plist; sourceTree = "<group>"; };
		6D5092BD1D9D0A9900DF040D /* FullTextUITests.xctest */ = {isa = PBXFileReference; explicitFileType = wrapper.cfbundle; includeInIndex = 0; path = FullTextUITests.xctest; sourceTree = BUILT_PRODUCTS_DIR; };
		6D5092C11D9D0A9900DF040D /* FullTextUITests.m */ = {isa = PBXFileReference; lastKnownFileType = sourcecode.c.objc; path = FullTextUITests.m; sourceTree = "<group>"; };
		6D5092C31D9D0A9900DF040D /* Info.plist */ = {isa = PBXFileReference; lastKnownFileType = text.plist.xml; path = Info.plist; sourceTree = "<group>"; };
		6D5092D31D9D0BAE00DF040D /* ListViewController.h */ = {isa = PBXFileReference; fileEncoding = 4; lastKnownFileType = sourcecode.c.h; path = ListViewController.h; sourceTree = "<group>"; };
		6D5092D41D9D0BAE00DF040D /* ListViewController.m */ = {isa = PBXFileReference; fileEncoding = 4; lastKnownFileType = sourcecode.c.objc; path = ListViewController.m; sourceTree = "<group>"; };
		6D5092D61D9D0C6300DF040D /* ListModel.h */ = {isa = PBXFileReference; fileEncoding = 4; lastKnownFileType = sourcecode.c.h; path = ListModel.h; sourceTree = "<group>"; };
		6D5092D71D9D0C6300DF040D /* ListModel.m */ = {isa = PBXFileReference; fileEncoding = 4; lastKnownFileType = sourcecode.c.objc; path = ListModel.m; sourceTree = "<group>"; };
		6D5092DC1D9D0C8500DF040D /* ListCell.h */ = {isa = PBXFileReference; fileEncoding = 4; lastKnownFileType = sourcecode.c.h; path = ListCell.h; sourceTree = "<group>"; };
		6D5092DD1D9D0C8500DF040D /* ListCell.m */ = {isa = PBXFileReference; fileEncoding = 4; lastKnownFileType = sourcecode.c.objc; path = ListCell.m; sourceTree = "<group>"; };
		6D5092E01D9D0F5700DF040D /* Info.plist */ = {isa = PBXFileReference; fileEncoding = 4; lastKnownFileType = text.plist.xml; path = Info.plist; sourceTree = "<group>"; };
		6D5092E11D9D0F5700DF040D /* MASCompositeConstraint.h */ = {isa = PBXFileReference; fileEncoding = 4; lastKnownFileType = sourcecode.c.h; path = MASCompositeConstraint.h; sourceTree = "<group>"; };
		6D5092E21D9D0F5700DF040D /* MASCompositeConstraint.m */ = {isa = PBXFileReference; fileEncoding = 4; lastKnownFileType = sourcecode.c.objc; path = MASCompositeConstraint.m; sourceTree = "<group>"; };
		6D5092E31D9D0F5700DF040D /* MASConstraint+Private.h */ = {isa = PBXFileReference; fileEncoding = 4; lastKnownFileType = sourcecode.c.h; path = "MASConstraint+Private.h"; sourceTree = "<group>"; };
		6D5092E41D9D0F5700DF040D /* MASConstraint.h */ = {isa = PBXFileReference; fileEncoding = 4; lastKnownFileType = sourcecode.c.h; path = MASConstraint.h; sourceTree = "<group>"; };
		6D5092E51D9D0F5700DF040D /* MASConstraint.m */ = {isa = PBXFileReference; fileEncoding = 4; lastKnownFileType = sourcecode.c.objc; path = MASConstraint.m; sourceTree = "<group>"; };
		6D5092E61D9D0F5700DF040D /* MASConstraintMaker.h */ = {isa = PBXFileReference; fileEncoding = 4; lastKnownFileType = sourcecode.c.h; path = MASConstraintMaker.h; sourceTree = "<group>"; };
		6D5092E71D9D0F5700DF040D /* MASConstraintMaker.m */ = {isa = PBXFileReference; fileEncoding = 4; lastKnownFileType = sourcecode.c.objc; path = MASConstraintMaker.m; sourceTree = "<group>"; };
		6D5092E81D9D0F5700DF040D /* MASLayoutConstraint.h */ = {isa = PBXFileReference; fileEncoding = 4; lastKnownFileType = sourcecode.c.h; path = MASLayoutConstraint.h; sourceTree = "<group>"; };
		6D5092E91D9D0F5700DF040D /* MASLayoutConstraint.m */ = {isa = PBXFileReference; fileEncoding = 4; lastKnownFileType = sourcecode.c.objc; path = MASLayoutConstraint.m; sourceTree = "<group>"; };
		6D5092EA1D9D0F5700DF040D /* Masonry.h */ = {isa = PBXFileReference; fileEncoding = 4; lastKnownFileType = sourcecode.c.h; path = Masonry.h; sourceTree = "<group>"; };
		6D5092EB1D9D0F5700DF040D /* MASUtilities.h */ = {isa = PBXFileReference; fileEncoding = 4; lastKnownFileType = sourcecode.c.h; path = MASUtilities.h; sourceTree = "<group>"; };
		6D5092EC1D9D0F5700DF040D /* MASViewAttribute.h */ = {isa = PBXFileReference; fileEncoding = 4; lastKnownFileType = sourcecode.c.h; path = MASViewAttribute.h; sourceTree = "<group>"; };
		6D5092ED1D9D0F5700DF040D /* MASViewAttribute.m */ = {isa = PBXFileReference; fileEncoding = 4; lastKnownFileType = sourcecode.c.objc; path = MASViewAttribute.m; sourceTree = "<group>"; };
		6D5092EE1D9D0F5700DF040D /* MASViewConstraint.h */ = {isa = PBXFileReference; fileEncoding = 4; lastKnownFileType = sourcecode.c.h; path = MASViewConstraint.h; sourceTree = "<group>"; };
		6D5092EF1D9D0F5700DF040D /* MASViewConstraint.m */ = {isa = PBXFileReference; fileEncoding = 4; lastKnownFileType = sourcecode.c.objc; path = MASViewConstraint.m; sourceTree = "<group>"; };
		6D5092F01D9D0F5700DF040D /* NSArray+MASAdditions.h */ = {isa = PBXFileReference; fileEncoding = 4; lastKnownFileType = sourcecode.c.h; path = "NSArray+MASAdditions.h"; sourceTree = "<group>"; };
		6D5092F11D9D0F5700DF040D /* NSArray+MASAdditions.m */ = {isa = PBXFileReference; fileEncoding = 4; lastKnownFileType = sourcecode.c.objc; path = "NSArray+MASAdditions.m"; sourceTree = "<group>"; };
		6D5092F21D9D0F5700DF040D /* NSArray+MASShorthandAdditions.h */ = {isa = PBXFileReference; fileEncoding = 4; lastKnownFileType = sourcecode.c.h; path = "NSArray+MASShorthandAdditions.h"; sourceTree = "<group>"; };
		6D5092F31D9D0F5700DF040D /* NSLayoutConstraint+MASDebugAdditions.h */ = {isa = PBXFileReference; fileEncoding = 4; lastKnownFileType = sourcecode.c.h; path = "NSLayoutConstraint+MASDebugAdditions.h"; sourceTree = "<group>"; };
		6D5092F41D9D0F5700DF040D /* NSLayoutConstraint+MASDebugAdditions.m */ = {isa = PBXFileReference; fileEncoding = 4; lastKnownFileType = sourcecode.c.objc; path = "NSLayoutConstraint+MASDebugAdditions.m"; sourceTree = "<group>"; };
		6D5092F51D9D0F5700DF040D /* View+MASAdditions.h */ = {isa = PBXFileReference; fileEncoding = 4; lastKnownFileType = sourcecode.c.h; path = "View+MASAdditions.h"; sourceTree = "<group>"; };
		6D5092F61D9D0F5700DF040D /* View+MASAdditions.m */ = {isa = PBXFileReference; fileEncoding = 4; lastKnownFileType = sourcecode.c.objc; path = "View+MASAdditions.m"; sourceTree = "<group>"; };
		6D5092F71D9D0F5700DF040D /* View+MASShorthandAdditions.h */ = {isa = PBXFileReference; fileEncoding = 4; lastKnownFileType = sourcecode.c.h; path = "View+MASShorthandAdditions.h"; sourceTree = "<group>"; };
		6D5092F81D9D0F5700DF040D /* ViewController+MASAdditions.h */ = {isa = PBXFileReference; fileEncoding = 4; lastKnownFileType = sourcecode.c.h; path = "ViewController+MASAdditions.h"; sourceTree = "<group>"; };
		6D5092F91D9D0F5700DF040D /* ViewController+MASAdditions.m */ = {isa = PBXFileReference; fileEncoding = 4; lastKnownFileType = sourcecode.c.objc; path = "ViewController+MASAdditions.m"; sourceTree = "<group>"; };
/* End PBXFileReference section */

/* Begin PBXFrameworksBuildPhase section */
		6D5092931D9D0A9900DF040D /* Frameworks */ = {
			isa = PBXFrameworksBuildPhase;
			buildActionMask = 2147483647;
			files = (
			);
			runOnlyForDeploymentPostprocessing = 0;
		};
		6D5092AF1D9D0A9900DF040D /* Frameworks */ = {
			isa = PBXFrameworksBuildPhase;
			buildActionMask = 2147483647;
			files = (
			);
			runOnlyForDeploymentPostprocessing = 0;
		};
		6D5092BA1D9D0A9900DF040D /* Frameworks */ = {
			isa = PBXFrameworksBuildPhase;
			buildActionMask = 2147483647;
			files = (
			);
			runOnlyForDeploymentPostprocessing = 0;
		};
/* End PBXFrameworksBuildPhase section */

/* Begin PBXGroup section */
		6D50928D1D9D0A9900DF040D = {
			isa = PBXGroup;
			children = (
				6D5092981D9D0A9900DF040D /* FullText */,
				6D5092B51D9D0A9900DF040D /* FullTextTests */,
				6D5092C01D9D0A9900DF040D /* FullTextUITests */,
				6D5092971D9D0A9900DF040D /* Products */,
			);
			sourceTree = "<group>";
		};
		6D5092971D9D0A9900DF040D /* Products */ = {
			isa = PBXGroup;
			children = (
				6D5092961D9D0A9900DF040D /* FullText.app */,
				6D5092B21D9D0A9900DF040D /* FullTextTests.xctest */,
				6D5092BD1D9D0A9900DF040D /* FullTextUITests.xctest */,
			);
			name = Products;
			sourceTree = "<group>";
		};
		6D5092981D9D0A9900DF040D /* FullText */ = {
			isa = PBXGroup;
			children = (
				6D5092DF1D9D0F5700DF040D /* Masonry */,
				6D5092CF1D9D0B7B00DF040D /* demo */,
				6D50929C1D9D0A9900DF040D /* AppDelegate.h */,
				6D50929D1D9D0A9900DF040D /* AppDelegate.m */,
				6D50929F1D9D0A9900DF040D /* ViewController.h */,
				6D5092A01D9D0A9900DF040D /* ViewController.m */,
				6D5092A21D9D0A9900DF040D /* Main.storyboard */,
				6D5092A81D9D0A9900DF040D /* Assets.xcassets */,
				6D5092AA1D9D0A9900DF040D /* LaunchScreen.storyboard */,
				6D5092AD1D9D0A9900DF040D /* Info.plist */,
				6D5092A51D9D0A9900DF040D /* FullText.xcdatamodeld */,
				6D5092991D9D0A9900DF040D /* Supporting Files */,
			);
			path = FullText;
			sourceTree = "<group>";
		};
		6D5092991D9D0A9900DF040D /* Supporting Files */ = {
			isa = PBXGroup;
			children = (
				6D50929A1D9D0A9900DF040D /* main.m */,
			);
			name = "Supporting Files";
			sourceTree = "<group>";
		};
		6D5092B51D9D0A9900DF040D /* FullTextTests */ = {
			isa = PBXGroup;
			children = (
				6D5092B61D9D0A9900DF040D /* FullTextTests.m */,
				6D5092B81D9D0A9900DF040D /* Info.plist */,
			);
			path = FullTextTests;
			sourceTree = "<group>";
		};
		6D5092C01D9D0A9900DF040D /* FullTextUITests */ = {
			isa = PBXGroup;
			children = (
				6D5092C11D9D0A9900DF040D /* FullTextUITests.m */,
				6D5092C31D9D0A9900DF040D /* Info.plist */,
			);
			path = FullTextUITests;
			sourceTree = "<group>";
		};
		6D5092CF1D9D0B7B00DF040D /* demo */ = {
			isa = PBXGroup;
			children = (
				6D5092D31D9D0BAE00DF040D /* ListViewController.h */,
				6D5092D41D9D0BAE00DF040D /* ListViewController.m */,
				6D5092D61D9D0C6300DF040D /* ListModel.h */,
				6D5092D71D9D0C6300DF040D /* ListModel.m */,
				6D5092DC1D9D0C8500DF040D /* ListCell.h */,
				6D5092DD1D9D0C8500DF040D /* ListCell.m */,
			);
			path = demo;
			sourceTree = "<group>";
		};
		6D5092DF1D9D0F5700DF040D /* Masonry */ = {
			isa = PBXGroup;
			children = (
				6D5092E01D9D0F5700DF040D /* Info.plist */,
				6D5092E11D9D0F5700DF040D /* MASCompositeConstraint.h */,
				6D5092E21D9D0F5700DF040D /* MASCompositeConstraint.m */,
				6D5092E31D9D0F5700DF040D /* MASConstraint+Private.h */,
				6D5092E41D9D0F5700DF040D /* MASConstraint.h */,
				6D5092E51D9D0F5700DF040D /* MASConstraint.m */,
				6D5092E61D9D0F5700DF040D /* MASConstraintMaker.h */,
				6D5092E71D9D0F5700DF040D /* MASConstraintMaker.m */,
				6D5092E81D9D0F5700DF040D /* MASLayoutConstraint.h */,
				6D5092E91D9D0F5700DF040D /* MASLayoutConstraint.m */,
				6D5092EA1D9D0F5700DF040D /* Masonry.h */,
				6D5092EB1D9D0F5700DF040D /* MASUtilities.h */,
				6D5092EC1D9D0F5700DF040D /* MASViewAttribute.h */,
				6D5092ED1D9D0F5700DF040D /* MASViewAttribute.m */,
				6D5092EE1D9D0F5700DF040D /* MASViewConstraint.h */,
				6D5092EF1D9D0F5700DF040D /* MASViewConstraint.m */,
				6D5092F01D9D0F5700DF040D /* NSArray+MASAdditions.h */,
				6D5092F11D9D0F5700DF040D /* NSArray+MASAdditions.m */,
				6D5092F21D9D0F5700DF040D /* NSArray+MASShorthandAdditions.h */,
				6D5092F31D9D0F5700DF040D /* NSLayoutConstraint+MASDebugAdditions.h */,
				6D5092F41D9D0F5700DF040D /* NSLayoutConstraint+MASDebugAdditions.m */,
				6D5092F51D9D0F5700DF040D /* View+MASAdditions.h */,
				6D5092F61D9D0F5700DF040D /* View+MASAdditions.m */,
				6D5092F71D9D0F5700DF040D /* View+MASShorthandAdditions.h */,
				6D5092F81D9D0F5700DF040D /* ViewController+MASAdditions.h */,
				6D5092F91D9D0F5700DF040D /* ViewController+MASAdditions.m */,
			);
			path = Masonry;
			sourceTree = "<group>";
		};
/* End PBXGroup section */

/* Begin PBXNativeTarget section */
		6D5092951D9D0A9900DF040D /* FullText */ = {
			isa = PBXNativeTarget;
			buildConfigurationList = 6D5092C61D9D0A9900DF040D /* Build configuration list for PBXNativeTarget "FullText" */;
			buildPhases = (
				6D5092921D9D0A9900DF040D /* Sources */,
				6D5092931D9D0A9900DF040D /* Frameworks */,
				6D5092941D9D0A9900DF040D /* Resources */,
			);
			buildRules = (
			);
			dependencies = (
			);
			name = FullText;
			productName = FullText;
			productReference = 6D5092961D9D0A9900DF040D /* FullText.app */;
			productType = "com.apple.product-type.application";
		};
		6D5092B11D9D0A9900DF040D /* FullTextTests */ = {
			isa = PBXNativeTarget;
			buildConfigurationList = 6D5092C91D9D0A9900DF040D /* Build configuration list for PBXNativeTarget "FullTextTests" */;
			buildPhases = (
				6D5092AE1D9D0A9900DF040D /* Sources */,
				6D5092AF1D9D0A9900DF040D /* Frameworks */,
				6D5092B01D9D0A9900DF040D /* Resources */,
			);
			buildRules = (
			);
			dependencies = (
				6D5092B41D9D0A9900DF040D /* PBXTargetDependency */,
			);
			name = FullTextTests;
			productName = FullTextTests;
			productReference = 6D5092B21D9D0A9900DF040D /* FullTextTests.xctest */;
			productType = "com.apple.product-type.bundle.unit-test";
		};
		6D5092BC1D9D0A9900DF040D /* FullTextUITests */ = {
			isa = PBXNativeTarget;
			buildConfigurationList = 6D5092CC1D9D0A9900DF040D /* Build configuration list for PBXNativeTarget "FullTextUITests" */;
			buildPhases = (
				6D5092B91D9D0A9900DF040D /* Sources */,
				6D5092BA1D9D0A9900DF040D /* Frameworks */,
				6D5092BB1D9D0A9900DF040D /* Resources */,
			);
			buildRules = (
			);
			dependencies = (
				6D5092BF1D9D0A9900DF040D /* PBXTargetDependency */,
			);
			name = FullTextUITests;
			productName = FullTextUITests;
			productReference = 6D5092BD1D9D0A9900DF040D /* FullTextUITests.xctest */;
			productType = "com.apple.product-type.bundle.ui-testing";
		};
/* End PBXNativeTarget section */

/* Begin PBXProject section */
		6D50928E1D9D0A9900DF040D /* Project object */ = {
			isa = PBXProject;
			attributes = {
				LastUpgradeCheck = 0730;
				ORGANIZATIONNAME = MaiTian;
				TargetAttributes = {
					6D5092951D9D0A9900DF040D = {
						CreatedOnToolsVersion = 7.3;
					};
					6D5092B11D9D0A9900DF040D = {
						CreatedOnToolsVersion = 7.3;
						TestTargetID = 6D5092951D9D0A9900DF040D;
					};
					6D5092BC1D9D0A9900DF040D = {
						CreatedOnToolsVersion = 7.3;
						TestTargetID = 6D5092951D9D0A9900DF040D;
					};
				};
			};
			buildConfigurationList = 6D5092911D9D0A9900DF040D /* Build configuration list for PBXProject "FullText" */;
			compatibilityVersion = "Xcode 3.2";
			developmentRegion = English;
			hasScannedForEncodings = 0;
			knownRegions = (
				en,
				Base,
			);
			mainGroup = 6D50928D1D9D0A9900DF040D;
			productRefGroup = 6D5092971D9D0A9900DF040D /* Products */;
			projectDirPath = "";
			projectRoot = "";
			targets = (
				6D5092951D9D0A9900DF040D /* FullText */,
				6D5092B11D9D0A9900DF040D /* FullTextTests */,
				6D5092BC1D9D0A9900DF040D /* FullTextUITests */,
			);
		};
/* End PBXProject section */

/* Begin PBXResourcesBuildPhase section */
		6D5092941D9D0A9900DF040D /* Resources */ = {
			isa = PBXResourcesBuildPhase;
			buildActionMask = 2147483647;
			files = (
				6D5092FA1D9D0F5700DF040D /* Info.plist in Resources */,
				6D5092AC1D9D0A9900DF040D /* LaunchScreen.storyboard in Resources */,
				6D5092A91D9D0A9900DF040D /* Assets.xcassets in Resources */,
				6D5092A41D9D0A9900DF040D /* Main.storyboard in Resources */,
			);
			runOnlyForDeploymentPostprocessing = 0;
		};
		6D5092B01D9D0A9900DF040D /* Resources */ = {
			isa = PBXResourcesBuildPhase;
			buildActionMask = 2147483647;
			files = (
			);
			runOnlyForDeploymentPostprocessing = 0;
		};
		6D5092BB1D9D0A9900DF040D /* Resources */ = {
			isa = PBXResourcesBuildPhase;
			buildActionMask = 2147483647;
			files = (
			);
			runOnlyForDeploymentPostprocessing = 0;
		};
/* End PBXResourcesBuildPhase section */

/* Begin PBXSourcesBuildPhase section */
		6D5092921D9D0A9900DF040D /* Sources */ = {
			isa = PBXSourcesBuildPhase;
			buildActionMask = 2147483647;
			files = (
				6D5093011D9D0F5700DF040D /* NSArray+MASAdditions.m in Sources */,
				6D5093001D9D0F5700DF040D /* MASViewConstraint.m in Sources */,
				6D5092D51D9D0BAE00DF040D /* ListViewController.m in Sources */,
				6D5092FD1D9D0F5700DF040D /* MASConstraintMaker.m in Sources */,
				6D5093031D9D0F5700DF040D /* View+MASAdditions.m in Sources */,
				6D5092DE1D9D0C8500DF040D /* ListCell.m in Sources */,
				6D5092FC1D9D0F5700DF040D /* MASConstraint.m in Sources */,
				6D5092A11D9D0A9900DF040D /* ViewController.m in Sources */,
				6D5092FF1D9D0F5700DF040D /* MASViewAttribute.m in Sources */,
				6D5093021D9D0F5700DF040D /* NSLayoutConstraint+MASDebugAdditions.m in Sources */,
				6D5092A71D9D0A9900DF040D /* FullText.xcdatamodeld in Sources */,
				6D5092FB1D9D0F5700DF040D /* MASCompositeConstraint.m in Sources */,
				6D5092FE1D9D0F5700DF040D /* MASLayoutConstraint.m in Sources */,
				6D5092D81D9D0C6300DF040D /* ListModel.m in Sources */,
				6D50929E1D9D0A9900DF040D /* AppDelegate.m in Sources */,
				6D5093041D9D0F5700DF040D /* ViewController+MASAdditions.m in Sources */,
				6D50929B1D9D0A9900DF040D /* main.m in Sources */,
			);
			runOnlyForDeploymentPostprocessing = 0;
		};
		6D5092AE1D9D0A9900DF040D /* Sources */ = {
			isa = PBXSourcesBuildPhase;
			buildActionMask = 2147483647;
			files = (
				6D5092B71D9D0A9900DF040D /* FullTextTests.m in Sources */,
			);
			runOnlyForDeploymentPostprocessing = 0;
		};
		6D5092B91D9D0A9900DF040D /* Sources */ = {
			isa = PBXSourcesBuildPhase;
			buildActionMask = 2147483647;
			files = (
				6D5092C21D9D0A9900DF040D /* FullTextUITests.m in Sources */,
			);
			runOnlyForDeploymentPostprocessing = 0;
		};
/* End PBXSourcesBuildPhase section */

/* Begin PBXTargetDependency section */
		6D5092B41D9D0A9900DF040D /* PBXTargetDependency */ = {
			isa = PBXTargetDependency;
			target = 6D5092951D9D0A9900DF040D /* FullText */;
			targetProxy = 6D5092B31D9D0A9900DF040D /* PBXContainerItemProxy */;
		};
		6D5092BF1D9D0A9900DF040D /* PBXTargetDependency */ = {
			isa = PBXTargetDependency;
			target = 6D5092951D9D0A9900DF040D /* FullText */;
			targetProxy = 6D5092BE1D9D0A9900DF040D /* PBXContainerItemProxy */;
		};
/* End PBXTargetDependency section */

/* Begin PBXVariantGroup section */
		6D5092A21D9D0A9900DF040D /* Main.storyboard */ = {
			isa = PBXVariantGroup;
			children = (
				6D5092A31D9D0A9900DF040D /* Base */,
			);
			name = Main.storyboard;
			sourceTree = "<group>";
		};
		6D5092AA1D9D0A9900DF040D /* LaunchScreen.storyboard */ = {
			isa = PBXVariantGroup;
			children = (
				6D5092AB1D9D0A9900DF040D /* Base */,
			);
			name = LaunchScreen.storyboard;
			sourceTree = "<group>";
		};
/* End PBXVariantGroup section */

/* Begin XCBuildConfiguration section */
		6D5092C41D9D0A9900DF040D /* Debug */ = {
			isa = XCBuildConfiguration;
			buildSettings = {
				ALWAYS_SEARCH_USER_PATHS = NO;
				CLANG_ANALYZER_NONNULL = YES;
				CLANG_CXX_LANGUAGE_STANDARD = "gnu++0x";
				CLANG_CXX_LIBRARY = "libc++";
				CLANG_ENABLE_MODULES = YES;
				CLANG_ENABLE_OBJC_ARC = YES;
				CLANG_WARN_BOOL_CONVERSION = YES;
				CLANG_WARN_CONSTANT_CONVERSION = YES;
				CLANG_WARN_DIRECT_OBJC_ISA_USAGE = YES_ERROR;
				CLANG_WARN_EMPTY_BODY = YES;
				CLANG_WARN_ENUM_CONVERSION = YES;
				CLANG_WARN_INT_CONVERSION = YES;
				CLANG_WARN_OBJC_ROOT_CLASS = YES_ERROR;
				CLANG_WARN_UNREACHABLE_CODE = YES;
				CLANG_WARN__DUPLICATE_METHOD_MATCH = YES;
				"CODE_SIGN_IDENTITY[sdk=iphoneos*]" = "iPhone Developer";
				COPY_PHASE_STRIP = NO;
				DEBUG_INFORMATION_FORMAT = dwarf;
				ENABLE_STRICT_OBJC_MSGSEND = YES;
				ENABLE_TESTABILITY = YES;
				GCC_C_LANGUAGE_STANDARD = gnu99;
				GCC_DYNAMIC_NO_PIC = NO;
				GCC_NO_COMMON_BLOCKS = YES;
				GCC_OPTIMIZATION_LEVEL = 0;
				GCC_PREPROCESSOR_DEFINITIONS = (
					"DEBUG=1",
					"$(inherited)",
				);
				GCC_WARN_64_TO_32_BIT_CONVERSION = YES;
				GCC_WARN_ABOUT_RETURN_TYPE = YES_ERROR;
				GCC_WARN_UNDECLARED_SELECTOR = YES;
				GCC_WARN_UNINITIALIZED_AUTOS = YES_AGGRESSIVE;
				GCC_WARN_UNUSED_FUNCTION = YES;
				GCC_WARN_UNUSED_VARIABLE = YES;
				IPHONEOS_DEPLOYMENT_TARGET = 9.3;
				MTL_ENABLE_DEBUG_INFO = YES;
				ONLY_ACTIVE_ARCH = YES;
				SDKROOT = iphoneos;
			};
			name = Debug;
		};
		6D5092C51D9D0A9900DF040D /* Release */ = {
			isa = XCBuildConfiguration;
			buildSettings = {
				ALWAYS_SEARCH_USER_PATHS = NO;
				CLANG_ANALYZER_NONNULL = YES;
				CLANG_CXX_LANGUAGE_STANDARD = "gnu++0x";
				CLANG_CXX_LIBRARY = "libc++";
				CLANG_ENABLE_MODULES = YES;
				CLANG_ENABLE_OBJC_ARC = YES;
				CLANG_WARN_BOOL_CONVERSION = YES;
				CLANG_WARN_CONSTANT_CONVERSION = YES;
				CLANG_WARN_DIRECT_OBJC_ISA_USAGE = YES_ERROR;
				CLANG_WARN_EMPTY_BODY = YES;
				CLANG_WARN_ENUM_CONVERSION = YES;
				CLANG_WARN_INT_CONVERSION = YES;
				CLANG_WARN_OBJC_ROOT_CLASS = YES_ERROR;
				CLANG_WARN_UNREACHABLE_CODE = YES;
				CLANG_WARN__DUPLICATE_METHOD_MATCH = YES;
				"CODE_SIGN_IDENTITY[sdk=iphoneos*]" = "iPhone Developer";
				COPY_PHASE_STRIP = NO;
				DEBUG_INFORMATION_FORMAT = "dwarf-with-dsym";
				ENABLE_NS_ASSERTIONS = NO;
				ENABLE_STRICT_OBJC_MSGSEND = YES;
				GCC_C_LANGUAGE_STANDARD = gnu99;
				GCC_NO_COMMON_BLOCKS = YES;
				GCC_WARN_64_TO_32_BIT_CONVERSION = YES;
				GCC_WARN_ABOUT_RETURN_TYPE = YES_ERROR;
				GCC_WARN_UNDECLARED_SELECTOR = YES;
				GCC_WARN_UNINITIALIZED_AUTOS = YES_AGGRESSIVE;
				GCC_WARN_UNUSED_FUNCTION = YES;
				GCC_WARN_UNUSED_VARIABLE = YES;
				IPHONEOS_DEPLOYMENT_TARGET = 9.3;
				MTL_ENABLE_DEBUG_INFO = NO;
				SDKROOT = iphoneos;
				VALIDATE_PRODUCT = YES;
			};
			name = Release;
		};
		6D5092C71D9D0A9900DF040D /* Debug */ = {
			isa = XCBuildConfiguration;
			buildSettings = {
				ASSETCATALOG_COMPILER_APPICON_NAME = AppIcon;
				INFOPLIST_FILE = FullText/Info.plist;
				LD_RUNPATH_SEARCH_PATHS = "$(inherited) @executable_path/Frameworks";
				PRODUCT_BUNDLE_IDENTIFIER = com.MaiTian.FullText;
				PRODUCT_NAME = "$(TARGET_NAME)";
			};
			name = Debug;
		};
		6D5092C81D9D0A9900DF040D /* Release */ = {
			isa = XCBuildConfiguration;
			buildSettings = {
				ASSETCATALOG_COMPILER_APPICON_NAME = AppIcon;
				INFOPLIST_FILE = FullText/Info.plist;
				LD_RUNPATH_SEARCH_PATHS = "$(inherited) @executable_path/Frameworks";
				PRODUCT_BUNDLE_IDENTIFIER = com.MaiTian.FullText;
				PRODUCT_NAME = "$(TARGET_NAME)";
			};
			name = Release;
		};
		6D5092CA1D9D0A9900DF040D /* Debug */ = {
			isa = XCBuildConfiguration;
			buildSettings = {
				BUNDLE_LOADER = "$(TEST_HOST)";
				INFOPLIST_FILE = FullTextTests/Info.plist;
				LD_RUNPATH_SEARCH_PATHS = "$(inherited) @executable_path/Frameworks @loader_path/Frameworks";
				PRODUCT_BUNDLE_IDENTIFIER = com.MaiTian.FullTextTests;
				PRODUCT_NAME = "$(TARGET_NAME)";
				TEST_HOST = "$(BUILT_PRODUCTS_DIR)/FullText.app/FullText";
			};
			name = Debug;
		};
		6D5092CB1D9D0A9900DF040D /* Release */ = {
			isa = XCBuildConfiguration;
			buildSettings = {
				BUNDLE_LOADER = "$(TEST_HOST)";
				INFOPLIST_FILE = FullTextTests/Info.plist;
				LD_RUNPATH_SEARCH_PATHS = "$(inherited) @executable_path/Frameworks @loader_path/Frameworks";
				PRODUCT_BUNDLE_IDENTIFIER = com.MaiTian.FullTextTests;
				PRODUCT_NAME = "$(TARGET_NAME)";
				TEST_HOST = "$(BUILT_PRODUCTS_DIR)/FullText.app/FullText";
			};
			name = Release;
		};
		6D5092CD1D9D0A9900DF040D /* Debug */ = {
			isa = XCBuildConfiguration;
			buildSettings = {
				INFOPLIST_FILE = FullTextUITests/Info.plist;
				LD_RUNPATH_SEARCH_PATHS = "$(inherited) @executable_path/Frameworks @loader_path/Frameworks";
				PRODUCT_BUNDLE_IDENTIFIER = com.MaiTian.FullTextUITests;
				PRODUCT_NAME = "$(TARGET_NAME)";
				TEST_TARGET_NAME = FullText;
			};
			name = Debug;
		};
		6D5092CE1D9D0A9900DF040D /* Release */ = {
			isa = XCBuildConfiguration;
			buildSettings = {
				INFOPLIST_FILE = FullTextUITests/Info.plist;
				LD_RUNPATH_SEARCH_PATHS = "$(inherited) @executable_path/Frameworks @loader_path/Frameworks";
				PRODUCT_BUNDLE_IDENTIFIER = com.MaiTian.FullTextUITests;
				PRODUCT_NAME = "$(TARGET_NAME)";
				TEST_TARGET_NAME = FullText;
			};
			name = Release;
		};
/* End XCBuildConfiguration section */

/* Begin XCConfigurationList section */
		6D5092911D9D0A9900DF040D /* Build configuration list for PBXProject "FullText" */ = {
			isa = XCConfigurationList;
			buildConfigurations = (
				6D5092C41D9D0A9900DF040D /* Debug */,
				6D5092C51D9D0A9900DF040D /* Release */,
			);
			defaultConfigurationIsVisible = 0;
			defaultConfigurationName = Release;
		};
		6D5092C61D9D0A9900DF040D /* Build configuration list for PBXNativeTarget "FullText" */ = {
			isa = XCConfigurationList;
			buildConfigurations = (
				6D5092C71D9D0A9900DF040D /* Debug */,
				6D5092C81D9D0A9900DF040D /* Release */,
			);
			defaultConfigurationIsVisible = 0;
		};
		6D5092C91D9D0A9900DF040D /* Build configuration list for PBXNativeTarget "FullTextTests" */ = {
			isa = XCConfigurationList;
			buildConfigurations = (
				6D5092CA1D9D0A9900DF040D /* Debug */,
				6D5092CB1D9D0A9900DF040D /* Release */,
			);
			defaultConfigurationIsVisible = 0;
		};
		6D5092CC1D9D0A9900DF040D /* Build configuration list for PBXNativeTarget "FullTextUITests" */ = {
			isa = XCConfigurationList;
			buildConfigurations = (
				6D5092CD1D9D0A9900DF040D /* Debug */,
				6D5092CE1D9D0A9900DF040D /* Release */,
			);
			defaultConfigurationIsVisible = 0;
		};
/* End XCConfigurationList section */

/* Begin XCVersionGroup section */
		6D5092A51D9D0A9900DF040D /* FullText.xcdatamodeld */ = {
			isa = XCVersionGroup;
			children = (
				6D5092A61D9D0A9900DF040D /* FullText.xcdatamodel */,
			);
			currentVersion = 6D5092A61D9D0A9900DF040D /* FullText.xcdatamodel */;
			path = FullText.xcdatamodeld;
			sourceTree = "<group>";
			versionGroupType = wrapper.xcdatamodel;
		};
/* End XCVersionGroup section */
	};
	rootObject = 6D50928E1D9D0A9900DF040D /* Project object */;
}
